
Microsoft Visual Studio Solution File, Format Version 12.00
# Visual Studio Version 17
VisualStudioVersion = 17.4.33205.214
MinimumVisualStudioVersion = 10.0.40219.1
Project("{2150E333-8FDC-42A3-9474-1A3956D46DE8}") = "Services", "Services", "{329623CE-76F1-4926-8A31-3DD219471931}"
EndProject
Project("{2150E333-8FDC-42A3-9474-1A3956D46DE8}") = "Catolog", "Catolog", "{D261FD91-01BA-4315-92EF-8333247A294C}"
EndProject
Project("{9A19103F-16F7-4668-BE54-9A1E7A4F7556}") = "Microservices.Services.Catolog", "Services\Catolog\Microservices.Services.Catolog\Microservices.Services.Catolog.csproj", "{D9639473-3BF7-4499-9E5D-31A2C119B7BE}"
EndProject
Project("{2150E333-8FDC-42A3-9474-1A3956D46DE8}") = "Solution Items", "Solution Items", "{1B9F701B-FF77-4772-9111-A1E512B9E8DF}"
	ProjectSection(SolutionItems) = preProject
		servicersPorts.txt = servicersPorts.txt
	EndProjectSection
EndProject
Project("{2150E333-8FDC-42A3-9474-1A3956D46DE8}") = "Shared", "Shared", "{1992168F-EA49-4B9E-AA6E-03BECD587BA7}"
EndProject
Project("{9A19103F-16F7-4668-BE54-9A1E7A4F7556}") = "Microservice.Shared", "Shared\Microservice.Shared\Microservice.Shared.csproj", "{44DA3284-43E1-4957-BF4F-D1612D9B7BF1}"
EndProject
Project("{2150E333-8FDC-42A3-9474-1A3956D46DE8}") = "Identityes", "Identityes", "{387352B3-487E-466B-A6A1-7257E5853633}"
EndProject
Project("{9A19103F-16F7-4668-BE54-9A1E7A4F7556}") = "Microservices.Services.IdentityApi", "Services\Identityes\Microservices.Services.IdentityApi\Microservices.Services.IdentityApi.csproj", "{ADA77767-7305-4A09-BBAD-456CECE20D01}"
EndProject
Project("{2150E333-8FDC-42A3-9474-1A3956D46DE8}") = "PhotoStocks", "PhotoStocks", "{64AA1518-E580-4CF0-A8FF-371B408511D4}"
EndProject
Project("{2150E333-8FDC-42A3-9474-1A3956D46DE8}") = "Baskets", "Baskets", "{B528FC1F-0850-4BFE-8263-91B957F82FBA}"
EndProject
Project("{FAE04EC0-301F-11D3-BF4B-00C04F79EFBC}") = "MicroServices.Services.Basket", "Services\Baskets\MicroServices.Services.Basket\MicroServices.Services.Basket.csproj", "{EE71EDD8-E6E0-4F12-914E-6FB51F5265DF}"
EndProject
Project("{FAE04EC0-301F-11D3-BF4B-00C04F79EFBC}") = "Microservices.Services.PhotoStock", "Services\PhotoStocks\Microservices.Services.PhotoStock\Microservices.Services.PhotoStock.csproj", "{F3471F52-E41E-4EC3-96E7-F7152CA687AB}"
EndProject
Project("{2150E333-8FDC-42A3-9474-1A3956D46DE8}") = "Order", "Order", "{92376C3D-B49F-43EB-A46A-114311C0AAC2}"
EndProject
Project("{2150E333-8FDC-42A3-9474-1A3956D46DE8}") = "Core", "Core", "{17DFBF38-2DDF-4796-9224-7D7C6916AD00}"
EndProject
Project("{2150E333-8FDC-42A3-9474-1A3956D46DE8}") = "Infrastructure", "Infrastructure", "{F8122A52-CCC4-4B77-AE4E-774DF313A00C}"
EndProject
Project("{2150E333-8FDC-42A3-9474-1A3956D46DE8}") = "Presentation", "Presentation", "{EF0C8AE4-0A49-4320-BE49-7D05B6AE2CD9}"
EndProject
Project("{FAE04EC0-301F-11D3-BF4B-00C04F79EFBC}") = "Microservice.Order.Domain", "Services\Order\Core\Microservice.Order.Domain\Microservice.Order.Domain.csproj", "{7A630D3B-29CC-4A15-9D39-D728BC14757A}"
EndProject
Project("{FAE04EC0-301F-11D3-BF4B-00C04F79EFBC}") = "Microservice.Order.Application", "Services\Order\Core\Microservice.Order.Application\Microservice.Order.Application.csproj", "{0D84E575-9E08-4F4D-895D-4D74ACC59DCF}"
EndProject
Project("{FAE04EC0-301F-11D3-BF4B-00C04F79EFBC}") = "Microservice.Order.Infrastructure", "Services\Order\Infrastructure\Microservice.Order.Infrastructure\Microservice.Order.Infrastructure.csproj", "{48449DC1-C818-4C7B-95F9-467D91299C59}"
EndProject
Project("{FAE04EC0-301F-11D3-BF4B-00C04F79EFBC}") = "Microservice.Order.Persistence", "Services\Order\Infrastructure\Microservice.Order.Persistence\Microservice.Order.Persistence.csproj", "{2FBB3512-BB4D-49FD-9F3D-E1F1F5D5E2CB}"
EndProject
Project("{FAE04EC0-301F-11D3-BF4B-00C04F79EFBC}") = "Microservice.Order.Api", "Services\Order\Presentation\Microservice.Order.Api\Microservice.Order.Api.csproj", "{735BCD1B-852B-4F37-9D53-67646620E013}"
EndProject
Project("{2150E333-8FDC-42A3-9474-1A3956D46DE8}") = "Payment", "Payment", "{07D45E7A-48B9-4178-89F2-577C055233A8}"
EndProject
Project("{FAE04EC0-301F-11D3-BF4B-00C04F79EFBC}") = "Microservices.Services.Payment", "Services\Payment\Microservices.Services.Payment\Microservices.Services.Payment.csproj", "{B3103F25-6F7E-4C2E-9444-AE3A7CDDF597}"
EndProject
Global
	GlobalSection(SolutionConfigurationPlatforms) = preSolution
		Debug|Any CPU = Debug|Any CPU
		Release|Any CPU = Release|Any CPU
	EndGlobalSection
	GlobalSection(ProjectConfigurationPlatforms) = postSolution
		{D9639473-3BF7-4499-9E5D-31A2C119B7BE}.Debug|Any CPU.ActiveCfg = Debug|Any CPU
		{D9639473-3BF7-4499-9E5D-31A2C119B7BE}.Debug|Any CPU.Build.0 = Debug|Any CPU
		{D9639473-3BF7-4499-9E5D-31A2C119B7BE}.Release|Any CPU.ActiveCfg = Release|Any CPU
		{D9639473-3BF7-4499-9E5D-31A2C119B7BE}.Release|Any CPU.Build.0 = Release|Any CPU
		{44DA3284-43E1-4957-BF4F-D1612D9B7BF1}.Debug|Any CPU.ActiveCfg = Debug|Any CPU
		{44DA3284-43E1-4957-BF4F-D1612D9B7BF1}.Debug|Any CPU.Build.0 = Debug|Any CPU
		{44DA3284-43E1-4957-BF4F-D1612D9B7BF1}.Release|Any CPU.ActiveCfg = Release|Any CPU
		{44DA3284-43E1-4957-BF4F-D1612D9B7BF1}.Release|Any CPU.Build.0 = Release|Any CPU
		{ADA77767-7305-4A09-BBAD-456CECE20D01}.Debug|Any CPU.ActiveCfg = Debug|Any CPU
		{ADA77767-7305-4A09-BBAD-456CECE20D01}.Debug|Any CPU.Build.0 = Debug|Any CPU
		{ADA77767-7305-4A09-BBAD-456CECE20D01}.Release|Any CPU.ActiveCfg = Release|Any CPU
		{ADA77767-7305-4A09-BBAD-456CECE20D01}.Release|Any CPU.Build.0 = Release|Any CPU
		{EE71EDD8-E6E0-4F12-914E-6FB51F5265DF}.Debug|Any CPU.ActiveCfg = Debug|Any CPU
		{EE71EDD8-E6E0-4F12-914E-6FB51F5265DF}.Debug|Any CPU.Build.0 = Debug|Any CPU
		{EE71EDD8-E6E0-4F12-914E-6FB51F5265DF}.Release|Any CPU.ActiveCfg = Release|Any CPU
		{EE71EDD8-E6E0-4F12-914E-6FB51F5265DF}.Release|Any CPU.Build.0 = Release|Any CPU
		{F3471F52-E41E-4EC3-96E7-F7152CA687AB}.Debug|Any CPU.ActiveCfg = Debug|Any CPU
		{F3471F52-E41E-4EC3-96E7-F7152CA687AB}.Debug|Any CPU.Build.0 = Debug|Any CPU
		{F3471F52-E41E-4EC3-96E7-F7152CA687AB}.Release|Any CPU.ActiveCfg = Release|Any CPU
		{F3471F52-E41E-4EC3-96E7-F7152CA687AB}.Release|Any CPU.Build.0 = Release|Any CPU
		{7A630D3B-29CC-4A15-9D39-D728BC14757A}.Debug|Any CPU.ActiveCfg = Debug|Any CPU
		{7A630D3B-29CC-4A15-9D39-D728BC14757A}.Debug|Any CPU.Build.0 = Debug|Any CPU
		{7A630D3B-29CC-4A15-9D39-D728BC14757A}.Release|Any CPU.ActiveCfg = Release|Any CPU
		{7A630D3B-29CC-4A15-9D39-D728BC14757A}.Release|Any CPU.Build.0 = Release|Any CPU
		{0D84E575-9E08-4F4D-895D-4D74ACC59DCF}.Debug|Any CPU.ActiveCfg = Debug|Any CPU
		{0D84E575-9E08-4F4D-895D-4D74ACC59DCF}.Debug|Any CPU.Build.0 = Debug|Any CPU
		{0D84E575-9E08-4F4D-895D-4D74ACC59DCF}.Release|Any CPU.ActiveCfg = Release|Any CPU
		{0D84E575-9E08-4F4D-895D-4D74ACC59DCF}.Release|Any CPU.Build.0 = Release|Any CPU
		{48449DC1-C818-4C7B-95F9-467D91299C59}.Debug|Any CPU.ActiveCfg = Debug|Any CPU
		{48449DC1-C818-4C7B-95F9-467D91299C59}.Debug|Any CPU.Build.0 = Debug|Any CPU
		{48449DC1-C818-4C7B-95F9-467D91299C59}.Release|Any CPU.ActiveCfg = Release|Any CPU
		{48449DC1-C818-4C7B-95F9-467D91299C59}.Release|Any CPU.Build.0 = Release|Any CPU
		{2FBB3512-BB4D-49FD-9F3D-E1F1F5D5E2CB}.Debug|Any CPU.ActiveCfg = Debug|Any CPU
		{2FBB3512-BB4D-49FD-9F3D-E1F1F5D5E2CB}.Debug|Any CPU.Build.0 = Debug|Any CPU
		{2FBB3512-BB4D-49FD-9F3D-E1F1F5D5E2CB}.Release|Any CPU.ActiveCfg = Release|Any CPU
		{2FBB3512-BB4D-49FD-9F3D-E1F1F5D5E2CB}.Release|Any CPU.Build.0 = Release|Any CPU
		{735BCD1B-852B-4F37-9D53-67646620E013}.Debug|Any CPU.ActiveCfg = Debug|Any CPU
		{735BCD1B-852B-4F37-9D53-67646620E013}.Debug|Any CPU.Build.0 = Debug|Any CPU
		{735BCD1B-852B-4F37-9D53-67646620E013}.Release|Any CPU.ActiveCfg = Release|Any CPU
		{735BCD1B-852B-4F37-9D53-67646620E013}.Release|Any CPU.Build.0 = Release|Any CPU
		{B3103F25-6F7E-4C2E-9444-AE3A7CDDF597}.Debug|Any CPU.ActiveCfg = Debug|Any CPU
		{B3103F25-6F7E-4C2E-9444-AE3A7CDDF597}.Debug|Any CPU.Build.0 = Debug|Any CPU
		{B3103F25-6F7E-4C2E-9444-AE3A7CDDF597}.Release|Any CPU.ActiveCfg = Release|Any CPU
		{B3103F25-6F7E-4C2E-9444-AE3A7CDDF597}.Release|Any CPU.Build.0 = Release|Any CPU
	EndGlobalSection
	GlobalSection(SolutionProperties) = preSolution
		HideSolutionNode = FALSE
	EndGlobalSection
	GlobalSection(NestedProjects) = preSolution
		{D261FD91-01BA-4315-92EF-8333247A294C} = {329623CE-76F1-4926-8A31-3DD219471931}
		{D9639473-3BF7-4499-9E5D-31A2C119B7BE} = {D261FD91-01BA-4315-92EF-8333247A294C}
		{44DA3284-43E1-4957-BF4F-D1612D9B7BF1} = {1992168F-EA49-4B9E-AA6E-03BECD587BA7}
		{387352B3-487E-466B-A6A1-7257E5853633} = {329623CE-76F1-4926-8A31-3DD219471931}
		{ADA77767-7305-4A09-BBAD-456CECE20D01} = {387352B3-487E-466B-A6A1-7257E5853633}
		{64AA1518-E580-4CF0-A8FF-371B408511D4} = {329623CE-76F1-4926-8A31-3DD219471931}
		{B528FC1F-0850-4BFE-8263-91B957F82FBA} = {329623CE-76F1-4926-8A31-3DD219471931}
		{EE71EDD8-E6E0-4F12-914E-6FB51F5265DF} = {B528FC1F-0850-4BFE-8263-91B957F82FBA}
		{F3471F52-E41E-4EC3-96E7-F7152CA687AB} = {64AA1518-E580-4CF0-A8FF-371B408511D4}
		{92376C3D-B49F-43EB-A46A-114311C0AAC2} = {329623CE-76F1-4926-8A31-3DD219471931}
		{17DFBF38-2DDF-4796-9224-7D7C6916AD00} = {92376C3D-B49F-43EB-A46A-114311C0AAC2}
		{F8122A52-CCC4-4B77-AE4E-774DF313A00C} = {92376C3D-B49F-43EB-A46A-114311C0AAC2}
		{EF0C8AE4-0A49-4320-BE49-7D05B6AE2CD9} = {92376C3D-B49F-43EB-A46A-114311C0AAC2}
		{7A630D3B-29CC-4A15-9D39-D728BC14757A} = {17DFBF38-2DDF-4796-9224-7D7C6916AD00}
		{0D84E575-9E08-4F4D-895D-4D74ACC59DCF} = {17DFBF38-2DDF-4796-9224-7D7C6916AD00}
		{48449DC1-C818-4C7B-95F9-467D91299C59} = {F8122A52-CCC4-4B77-AE4E-774DF313A00C}
		{2FBB3512-BB4D-49FD-9F3D-E1F1F5D5E2CB} = {F8122A52-CCC4-4B77-AE4E-774DF313A00C}
		{735BCD1B-852B-4F37-9D53-67646620E013} = {EF0C8AE4-0A49-4320-BE49-7D05B6AE2CD9}
		{07D45E7A-48B9-4178-89F2-577C055233A8} = {329623CE-76F1-4926-8A31-3DD219471931}
		{B3103F25-6F7E-4C2E-9444-AE3A7CDDF597} = {07D45E7A-48B9-4178-89F2-577C055233A8}
	EndGlobalSection
	GlobalSection(ExtensibilityGlobals) = postSolution
		SolutionGuid = {F09AF2B2-6DE7-45CC-9B35-689341B48A06}
	EndGlobalSection
EndGlobal
